
Microsoft Visual Studio Solution File, Format Version 12.00
# Visual Studio Version 17
VisualStudioVersion = 17.7.34202.233
MinimumVisualStudioVersion = 10.0.40219.1
Project("{FAE04EC0-301F-11D3-BF4B-00C04F79EFBC}") = "QLSPhan2", "QLSPhan2\QLSPhan2.csproj", "{EA2D4B19-533B-4C19-B61A-58A4B3F060F2}"
EndProject
Global
	GlobalSection(SolutionConfigurationPlatforms) = preSolution
		Debug|Any CPU = Debug|Any CPU
		Release|Any CPU = Release|Any CPU
	EndGlobalSection
	GlobalSection(ProjectConfigurationPlatforms) = postSolution
		{EA2D4B19-533B-4C19-B61A-58A4B3F060F2}.Debug|Any CPU.ActiveCfg = Debug|Any CPU
		{EA2D4B19-533B-4C19-B61A-58A4B3F060F2}.Debug|Any CPU.Build.0 = Debug|Any CPU
		{EA2D4B19-533B-4C19-B61A-58A4B3F060F2}.Release|Any CPU.ActiveCfg = Release|Any CPU
		{EA2D4B19-533B-4C19-B61A-58A4B3F060F2}.Release|Any CPU.Build.0 = Release|Any CPU
	EndGlobalSection
	GlobalSection(SolutionProperties) = preSolution
		HideSolutionNode = FALSE
	EndGlobalSection
	GlobalSection(ExtensibilityGlobals) = postSolution
		SolutionGuid = {028152A6-1618-4858-A92E-EC90CC4D71F8}
	EndGlobalSection
EndGlobal
